// !$*UTF8*$!
{
	archiveVersion = 1;
	classes = {
	};
	objectVersion = 77;
	objects = {

/* Begin PBXBuildFile section */
		070BA0A02D8E4EE4006C362A /* WidgetKit.framework in Frameworks */ = {isa = PBXBuildFile; fileRef = 070BA09F2D8E4EE3006C362A /* WidgetKit.framework */; };
		070BA0A22D8E4EE4006C362A /* SwiftUI.framework in Frameworks */ = {isa = PBXBuildFile; fileRef = 070BA0A12D8E4EE4006C362A /* SwiftUI.framework */; };
		070BA0AD2D8E4EE5006C362A /* PokeDexWidgetExtension.appex in Embed Foundation Extensions */ = {isa = PBXBuildFile; fileRef = 070BA09D2D8E4EE3006C362A /* PokeDexWidgetExtension.appex */; settings = {ATTRIBUTES = (RemoveHeadersOnCopy, ); }; };
/* End PBXBuildFile section */

/* Begin PBXContainerItemProxy section */
		070BA0AB2D8E4EE5006C362A /* PBXContainerItemProxy */ = {
			isa = PBXContainerItemProxy;
			containerPortal = 07CE108F2D80E734003623F6 /* Project object */;
			proxyType = 1;
			remoteGlobalIDString = 070BA09C2D8E4EE3006C362A;
			remoteInfo = PokeDexWidgetExtension;
		};
/* End PBXContainerItemProxy section */

/* Begin PBXCopyFilesBuildPhase section */
		070BA0AE2D8E4EE5006C362A /* Embed Foundation Extensions */ = {
			isa = PBXCopyFilesBuildPhase;
			buildActionMask = 2147483647;
			dstPath = "";
			dstSubfolderSpec = 13;
			files = (
				070BA0AD2D8E4EE5006C362A /* PokeDexWidgetExtension.appex in Embed Foundation Extensions */,
			);
			name = "Embed Foundation Extensions";
			runOnlyForDeploymentPostprocessing = 0;
		};
/* End PBXCopyFilesBuildPhase section */

/* Begin PBXFileReference section */
		070BA09D2D8E4EE3006C362A /* PokeDexWidgetExtension.appex */ = {isa = PBXFileReference; explicitFileType = "wrapper.app-extension"; includeInIndex = 0; path = PokeDexWidgetExtension.appex; sourceTree = BUILT_PRODUCTS_DIR; };
		070BA09F2D8E4EE3006C362A /* WidgetKit.framework */ = {isa = PBXFileReference; lastKnownFileType = wrapper.framework; name = WidgetKit.framework; path = System/Library/Frameworks/WidgetKit.framework; sourceTree = SDKROOT; };
		070BA0A12D8E4EE4006C362A /* SwiftUI.framework */ = {isa = PBXFileReference; lastKnownFileType = wrapper.framework; name = SwiftUI.framework; path = System/Library/Frameworks/SwiftUI.framework; sourceTree = SDKROOT; };
		07CE10972D80E734003623F6 /* PokeDex.app */ = {isa = PBXFileReference; explicitFileType = wrapper.application; includeInIndex = 0; path = PokeDex.app; sourceTree = BUILT_PRODUCTS_DIR; };
/* End PBXFileReference section */

/* Begin PBXFileSystemSynchronizedBuildFileExceptionSet section */
		070BA0B12D8E4EE5006C362A /* Exceptions for "PokeDexWidget" folder in "PokeDexWidgetExtension" target */ = {
			isa = PBXFileSystemSynchronizedBuildFileExceptionSet;
			membershipExceptions = (
				Info.plist,
			);
			target = 070BA09C2D8E4EE3006C362A /* PokeDexWidgetExtension */;
		};
		070BA0F42D8E5381006C362A /* Exceptions for "PokeDex" folder in "PokeDexWidgetExtension" target */ = {
			isa = PBXFileSystemSynchronizedBuildFileExceptionSet;
			membershipExceptions = (
				Assets.xcassets,
				Persistence.swift,
				PokeDex.xcdatamodeld,
				PokemonExt.swift,
			);
			target = 070BA09C2D8E4EE3006C362A /* PokeDexWidgetExtension */;
		};
/* End PBXFileSystemSynchronizedBuildFileExceptionSet section */

/* Begin PBXFileSystemSynchronizedRootGroup section */
		070BA0A32D8E4EE4006C362A /* PokeDexWidget */ = {
			isa = PBXFileSystemSynchronizedRootGroup;
			exceptions = (
				070BA0B12D8E4EE5006C362A /* Exceptions for "PokeDexWidget" folder in "PokeDexWidgetExtension" target */,
			);
			path = PokeDexWidget;
			sourceTree = "<group>";
		};
		07CE10992D80E734003623F6 /* PokeDex */ = {
			isa = PBXFileSystemSynchronizedRootGroup;
			exceptions = (
				070BA0F42D8E5381006C362A /* Exceptions for "PokeDex" folder in "PokeDexWidgetExtension" target */,
			);
			path = PokeDex;
			sourceTree = "<group>";
		};
/* End PBXFileSystemSynchronizedRootGroup section */

/* Begin PBXFrameworksBuildPhase section */
		070BA09A2D8E4EE3006C362A /* Frameworks */ = {
			isa = PBXFrameworksBuildPhase;
			buildActionMask = 2147483647;
			files = (
				070BA0A22D8E4EE4006C362A /* SwiftUI.framework in Frameworks */,
				070BA0A02D8E4EE4006C362A /* WidgetKit.framework in Frameworks */,
			);
			runOnlyForDeploymentPostprocessing = 0;
		};
		07CE10942D80E734003623F6 /* Frameworks */ = {
			isa = PBXFrameworksBuildPhase;
			buildActionMask = 2147483647;
			files = (
			);
			runOnlyForDeploymentPostprocessing = 0;
		};
/* End PBXFrameworksBuildPhase section */

/* Begin PBXGroup section */
		070BA09E2D8E4EE3006C362A /* Frameworks */ = {
			isa = PBXGroup;
			children = (
				070BA09F2D8E4EE3006C362A /* WidgetKit.framework */,
				070BA0A12D8E4EE4006C362A /* SwiftUI.framework */,
			);
			name = Frameworks;
			sourceTree = "<group>";
		};
		07CE108E2D80E734003623F6 = {
			isa = PBXGroup;
			children = (
				07CE10992D80E734003623F6 /* PokeDex */,
				070BA0A32D8E4EE4006C362A /* PokeDexWidget */,
				070BA09E2D8E4EE3006C362A /* Frameworks */,
				07CE10982D80E734003623F6 /* Products */,
			);
			sourceTree = "<group>";
		};
		07CE10982D80E734003623F6 /* Products */ = {
			isa = PBXGroup;
			children = (
				07CE10972D80E734003623F6 /* PokeDex.app */,
				070BA09D2D8E4EE3006C362A /* PokeDexWidgetExtension.appex */,
			);
			name = Products;
			sourceTree = "<group>";
		};
/* End PBXGroup section */

/* Begin PBXNativeTarget section */
		070BA09C2D8E4EE3006C362A /* PokeDexWidgetExtension */ = {
			isa = PBXNativeTarget;
			buildConfigurationList = 070BA0B22D8E4EE5006C362A /* Build configuration list for PBXNativeTarget "PokeDexWidgetExtension" */;
			buildPhases = (
				070BA0992D8E4EE3006C362A /* Sources */,
				070BA09A2D8E4EE3006C362A /* Frameworks */,
				070BA09B2D8E4EE3006C362A /* Resources */,
			);
			buildRules = (
			);
			dependencies = (
			);
			fileSystemSynchronizedGroups = (
				070BA0A32D8E4EE4006C362A /* PokeDexWidget */,
			);
			name = PokeDexWidgetExtension;
			packageProductDependencies = (
			);
			productName = PokeDexWidgetExtension;
			productReference = 070BA09D2D8E4EE3006C362A /* PokeDexWidgetExtension.appex */;
			productType = "com.apple.product-type.app-extension";
		};
		07CE10962D80E734003623F6 /* PokeDex */ = {
			isa = PBXNativeTarget;
			buildConfigurationList = 07CE10AA2D80E735003623F6 /* Build configuration list for PBXNativeTarget "PokeDex" */;
			buildPhases = (
				07CE10932D80E734003623F6 /* Sources */,
				07CE10942D80E734003623F6 /* Frameworks */,
				07CE10952D80E734003623F6 /* Resources */,
				070BA0AE2D8E4EE5006C362A /* Embed Foundation Extensions */,
			);
			buildRules = (
			);
			dependencies = (
				070BA0AC2D8E4EE5006C362A /* PBXTargetDependency */,
			);
			fileSystemSynchronizedGroups = (
				07CE10992D80E734003623F6 /* PokeDex */,
			);
			name = PokeDex;
			packageProductDependencies = (
			);
			productName = PokeDex;
			productReference = 07CE10972D80E734003623F6 /* PokeDex.app */;
			productType = "com.apple.product-type.application";
		};
/* End PBXNativeTarget section */

/* Begin PBXProject section */
		07CE108F2D80E734003623F6 /* Project object */ = {
			isa = PBXProject;
			attributes = {
				BuildIndependentTargetsInParallel = 1;
				LastSwiftUpdateCheck = 1620;
				LastUpgradeCheck = 1620;
				TargetAttributes = {
					070BA09C2D8E4EE3006C362A = {
						CreatedOnToolsVersion = 16.2;
					};
					07CE10962D80E734003623F6 = {
						CreatedOnToolsVersion = 16.2;
					};
				};
			};
			buildConfigurationList = 07CE10922D80E734003623F6 /* Build configuration list for PBXProject "PokeDex" */;
			developmentRegion = en;
			hasScannedForEncodings = 0;
			knownRegions = (
				en,
				Base,
			);
			mainGroup = 07CE108E2D80E734003623F6;
			minimizedProjectReferenceProxies = 1;
			preferredProjectObjectVersion = 77;
			productRefGroup = 07CE10982D80E734003623F6 /* Products */;
			projectDirPath = "";
			projectRoot = "";
			targets = (
				07CE10962D80E734003623F6 /* PokeDex */,
				070BA09C2D8E4EE3006C362A /* PokeDexWidgetExtension */,
			);
		};
/* End PBXProject section */

/* Begin PBXResourcesBuildPhase section */
		070BA09B2D8E4EE3006C362A /* Resources */ = {
			isa = PBXResourcesBuildPhase;
			buildActionMask = 2147483647;
			files = (
			);
			runOnlyForDeploymentPostprocessing = 0;
		};
		07CE10952D80E734003623F6 /* Resources */ = {
			isa = PBXResourcesBuildPhase;
			buildActionMask = 2147483647;
			files = (
			);
			runOnlyForDeploymentPostprocessing = 0;
		};
/* End PBXResourcesBuildPhase section */

/* Begin PBXSourcesBuildPhase section */
		070BA0992D8E4EE3006C362A /* Sources */ = {
			isa = PBXSourcesBuildPhase;
			buildActionMask = 2147483647;
			files = (
			);
			runOnlyForDeploymentPostprocessing = 0;
		};
		07CE10932D80E734003623F6 /* Sources */ = {
			isa = PBXSourcesBuildPhase;
			buildActionMask = 2147483647;
			files = (
			);
			runOnlyForDeploymentPostprocessing = 0;
		};
/* End PBXSourcesBuildPhase section */

/* Begin PBXTargetDependency section */
		070BA0AC2D8E4EE5006C362A /* PBXTargetDependency */ = {
			isa = PBXTargetDependency;
			target = 070BA09C2D8E4EE3006C362A /* PokeDexWidgetExtension */;
			targetProxy = 070BA0AB2D8E4EE5006C362A /* PBXContainerItemProxy */;
		};
/* End PBXTargetDependency section */

/* Begin XCBuildConfiguration section */
		070BA0AF2D8E4EE5006C362A /* Debug */ = {
			isa = XCBuildConfiguration;
			buildSettings = {
				ASSETCATALOG_COMPILER_GLOBAL_ACCENT_COLOR_NAME = AccentColor;
				ASSETCATALOG_COMPILER_WIDGET_BACKGROUND_COLOR_NAME = WidgetBackground;
				CODE_SIGN_STYLE = Automatic;
				CURRENT_PROJECT_VERSION = 1;
				DEVELOPMENT_TEAM = Q7N42PRYT9;
				GENERATE_INFOPLIST_FILE = YES;
				INFOPLIST_FILE = PokeDexWidget/Info.plist;
				INFOPLIST_KEY_CFBundleDisplayName = PokeDexWidget;
				INFOPLIST_KEY_NSHumanReadableCopyright = "";
				LD_RUNPATH_SEARCH_PATHS = (
					"$(inherited)",
					"@executable_path/Frameworks",
					"@executable_path/../../Frameworks",
				);
				MARKETING_VERSION = 1.0;
				PRODUCT_BUNDLE_IDENTIFIER = iOS.PokeDex.PokeDexWidget;
				PRODUCT_NAME = "$(TARGET_NAME)";
				SKIP_INSTALL = YES;
				SWIFT_EMIT_LOC_STRINGS = YES;
				SWIFT_VERSION = 5.0;
				TARGETED_DEVICE_FAMILY = "1,2";
			};
			name = Debug;
		};
		070BA0B02D8E4EE5006C362A /* Release */ = {
			isa = XCBuildConfiguration;
			buildSettings = {
				ASSETCATALOG_COMPILER_GLOBAL_ACCENT_COLOR_NAME = AccentColor;
				ASSETCATALOG_COMPILER_WIDGET_BACKGROUND_COLOR_NAME = WidgetBackground;
				CODE_SIGN_STYLE = Automatic;
				CURRENT_PROJECT_VERSION = 1;
				DEVELOPMENT_TEAM = Q7N42PRYT9;
				GENERATE_INFOPLIST_FILE = YES;
				INFOPLIST_FILE = PokeDexWidget/Info.plist;
				INFOPLIST_KEY_CFBundleDisplayName = PokeDexWidget;
				INFOPLIST_KEY_NSHumanReadableCopyright = "";
				LD_RUNPATH_SEARCH_PATHS = (
					"$(inherited)",
					"@executable_path/Frameworks",
					"@executable_path/../../Frameworks",
				);
				MARKETING_VERSION = 1.0;
				PRODUCT_BUNDLE_IDENTIFIER = iOS.PokeDex.PokeDexWidget;
				PRODUCT_NAME = "$(TARGET_NAME)";
				SKIP_INSTALL = YES;
				SWIFT_EMIT_LOC_STRINGS = YES;
				SWIFT_VERSION = 5.0;
				TARGETED_DEVICE_FAMILY = "1,2";
			};
			name = Release;
		};
		07CE10A82D80E735003623F6 /* Debug */ = {
			isa = XCBuildConfiguration;
			buildSettings = {
				ALWAYS_SEARCH_USER_PATHS = NO;
				ASSETCATALOG_COMPILER_GENERATE_SWIFT_ASSET_SYMBOL_EXTENSIONS = YES;
				CLANG_ANALYZER_NONNULL = YES;
				CLANG_ANALYZER_NUMBER_OBJECT_CONVERSION = YES_AGGRESSIVE;
				CLANG_CXX_LANGUAGE_STANDARD = "gnu++20";
				CLANG_ENABLE_MODULES = YES;
				CLANG_ENABLE_OBJC_ARC = YES;
				CLANG_ENABLE_OBJC_WEAK = YES;
				CLANG_WARN_BLOCK_CAPTURE_AUTORELEASING = YES;
				CLANG_WARN_BOOL_CONVERSION = YES;
				CLANG_WARN_COMMA = YES;
				CLANG_WARN_CONSTANT_CONVERSION = YES;
				CLANG_WARN_DEPRECATED_OBJC_IMPLEMENTATIONS = YES;
				CLANG_WARN_DIRECT_OBJC_ISA_USAGE = YES_ERROR;
				CLANG_WARN_DOCUMENTATION_COMMENTS = YES;
				CLANG_WARN_EMPTY_BODY = YES;
				CLANG_WARN_ENUM_CONVERSION = YES;
				CLANG_WARN_INFINITE_RECURSION = YES;
				CLANG_WARN_INT_CONVERSION = YES;
				CLANG_WARN_NON_LITERAL_NULL_CONVERSION = YES;
				CLANG_WARN_OBJC_IMPLICIT_RETAIN_SELF = YES;
				CLANG_WARN_OBJC_LITERAL_CONVERSION = YES;
				CLANG_WARN_OBJC_ROOT_CLASS = YES_ERROR;
				CLANG_WARN_QUOTED_INCLUDE_IN_FRAMEWORK_HEADER = YES;
				CLANG_WARN_RANGE_LOOP_ANALYSIS = YES;
				CLANG_WARN_STRICT_PROTOTYPES = YES;
				CLANG_WARN_SUSPICIOUS_MOVE = YES;
				CLANG_WARN_UNGUARDED_AVAILABILITY = YES_AGGRESSIVE;
				CLANG_WARN_UNREACHABLE_CODE = YES;
				CLANG_WARN__DUPLICATE_METHOD_MATCH = YES;
				COPY_PHASE_STRIP = NO;
				DEBUG_INFORMATION_FORMAT = dwarf;
				ENABLE_STRICT_OBJC_MSGSEND = YES;
				ENABLE_TESTABILITY = YES;
				ENABLE_USER_SCRIPT_SANDBOXING = YES;
				GCC_C_LANGUAGE_STANDARD = gnu17;
				GCC_DYNAMIC_NO_PIC = NO;
				GCC_NO_COMMON_BLOCKS = YES;
				GCC_OPTIMIZATION_LEVEL = 0;
				GCC_PREPROCESSOR_DEFINITIONS = (
					"DEBUG=1",
					"$(inherited)",
				);
				GCC_WARN_64_TO_32_BIT_CONVERSION = YES;
				GCC_WARN_ABOUT_RETURN_TYPE = YES_ERROR;
				GCC_WARN_UNDECLARED_SELECTOR = YES;
				GCC_WARN_UNINITIALIZED_AUTOS = YES_AGGRESSIVE;
				GCC_WARN_UNUSED_FUNCTION = YES;
				GCC_WARN_UNUSED_VARIABLE = YES;
				IPHONEOS_DEPLOYMENT_TARGET = 18.2;
				LOCALIZATION_PREFERS_STRING_CATALOGS = YES;
				MTL_ENABLE_DEBUG_INFO = INCLUDE_SOURCE;
				MTL_FAST_MATH = YES;
				ONLY_ACTIVE_ARCH = YES;
				SDKROOT = iphoneos;
				SWIFT_ACTIVE_COMPILATION_CONDITIONS = "DEBUG $(inherited)";
				SWIFT_OPTIMIZATION_LEVEL = "-Onone";
			};
			name = Debug;
		};
		07CE10A92D80E735003623F6 /* Release */ = {
			isa = XCBuildConfiguration;
			buildSettings = {
				ALWAYS_SEARCH_USER_PATHS = NO;
				ASSETCATALOG_COMPILER_GENERATE_SWIFT_ASSET_SYMBOL_EXTENSIONS = YES;
				CLANG_ANALYZER_NONNULL = YES;
				CLANG_ANALYZER_NUMBER_OBJECT_CONVERSION = YES_AGGRESSIVE;
				CLANG_CXX_LANGUAGE_STANDARD = "gnu++20";
				CLANG_ENABLE_MODULES = YES;
				CLANG_ENABLE_OBJC_ARC = YES;
				CLANG_ENABLE_OBJC_WEAK = YES;
				CLANG_WARN_BLOCK_CAPTURE_AUTORELEASING = YES;
				CLANG_WARN_BOOL_CONVERSION = YES;
				CLANG_WARN_COMMA = YES;
				CLANG_WARN_CONSTANT_CONVERSION = YES;
				CLANG_WARN_DEPRECATED_OBJC_IMPLEMENTATIONS = YES;
				CLANG_WARN_DIRECT_OBJC_ISA_USAGE = YES_ERROR;
				CLANG_WARN_DOCUMENTATION_COMMENTS = YES;
				CLANG_WARN_EMPTY_BODY = YES;
				CLANG_WARN_ENUM_CONVERSION = YES;
				CLANG_WARN_INFINITE_RECURSION = YES;
				CLANG_WARN_INT_CONVERSION = YES;
				CLANG_WARN_NON_LITERAL_NULL_CONVERSION = YES;
				CLANG_WARN_OBJC_IMPLICIT_RETAIN_SELF = YES;
				CLANG_WARN_OBJC_LITERAL_CONVERSION = YES;
				CLANG_WARN_OBJC_ROOT_CLASS = YES_ERROR;
				CLANG_WARN_QUOTED_INCLUDE_IN_FRAMEWORK_HEADER = YES;
				CLANG_WARN_RANGE_LOOP_ANALYSIS = YES;
				CLANG_WARN_STRICT_PROTOTYPES = YES;
				CLANG_WARN_SUSPICIOUS_MOVE = YES;
				CLANG_WARN_UNGUARDED_AVAILABILITY = YES_AGGRESSIVE;
				CLANG_WARN_UNREACHABLE_CODE = YES;
				CLANG_WARN__DUPLICATE_METHOD_MATCH = YES;
				COPY_PHASE_STRIP = NO;
				DEBUG_INFORMATION_FORMAT = "dwarf-with-dsym";
				ENABLE_NS_ASSERTIONS = NO;
				ENABLE_STRICT_OBJC_MSGSEND = YES;
				ENABLE_USER_SCRIPT_SANDBOXING = YES;
				GCC_C_LANGUAGE_STANDARD = gnu17;
				GCC_NO_COMMON_BLOCKS = YES;
				GCC_WARN_64_TO_32_BIT_CONVERSION = YES;
				GCC_WARN_ABOUT_RETURN_TYPE = YES_ERROR;
				GCC_WARN_UNDECLARED_SELECTOR = YES;
				GCC_WARN_UNINITIALIZED_AUTOS = YES_AGGRESSIVE;
				GCC_WARN_UNUSED_FUNCTION = YES;
				GCC_WARN_UNUSED_VARIABLE = YES;
				IPHONEOS_DEPLOYMENT_TARGET = 18.2;
				LOCALIZATION_PREFERS_STRING_CATALOGS = YES;
				MTL_ENABLE_DEBUG_INFO = NO;
				MTL_FAST_MATH = YES;
				SDKROOT = iphoneos;
				SWIFT_COMPILATION_MODE = wholemodule;
				VALIDATE_PRODUCT = YES;
			};
			name = Release;
		};
		07CE10AB2D80E735003623F6 /* Debug */ = {
			isa = XCBuildConfiguration;
			buildSettings = {
				ASSETCATALOG_COMPILER_APPICON_NAME = AppIcon;
				ASSETCATALOG_COMPILER_GLOBAL_ACCENT_COLOR_NAME = AccentColor;
				CODE_SIGN_STYLE = Automatic;
				CURRENT_PROJECT_VERSION = 1;
				DEVELOPMENT_ASSET_PATHS = "\"PokeDex/Preview Content\"";
				DEVELOPMENT_TEAM = Q7N42PRYT9;
				ENABLE_PREVIEWS = YES;
				GENERATE_INFOPLIST_FILE = YES;
				INFOPLIST_KEY_UIApplicationSceneManifest_Generation = YES;
				INFOPLIST_KEY_UIApplicationSupportsIndirectInputEvents = YES;
				INFOPLIST_KEY_UILaunchScreen_Generation = YES;
				INFOPLIST_KEY_UISupportedInterfaceOrientations = UIInterfaceOrientationPortrait;
				INFOPLIST_KEY_UISupportedInterfaceOrientations_iPad = "UIInterfaceOrientationLandscapeLeft UIInterfaceOrientationLandscapeRight UIInterfaceOrientationPortrait UIInterfaceOrientationPortraitUpsideDown";
				LD_RUNPATH_SEARCH_PATHS = (
					"$(inherited)",
					"@executable_path/Frameworks",
				);
				MARKETING_VERSION = 1.0;
				PRODUCT_BUNDLE_IDENTIFIER = iOS.PokeDex;
				PRODUCT_NAME = "$(TARGET_NAME)";
				SWIFT_EMIT_LOC_STRINGS = YES;
				SWIFT_VERSION = 6.0;
				TARGETED_DEVICE_FAMILY = "1,2";
			};
			name = Debug;
		};
		07CE10AC2D80E735003623F6 /* Release */ = {
			isa = XCBuildConfiguration;
			buildSettings = {
				ASSETCATALOG_COMPILER_APPICON_NAME = AppIcon;
				ASSETCATALOG_COMPILER_GLOBAL_ACCENT_COLOR_NAME = AccentColor;
				CODE_SIGN_STYLE = Automatic;
				CURRENT_PROJECT_VERSION = 1;
				DEVELOPMENT_ASSET_PATHS = "\"PokeDex/Preview Content\"";
				DEVELOPMENT_TEAM = Q7N42PRYT9;
				ENABLE_PREVIEWS = YES;
				GENERATE_INFOPLIST_FILE = YES;
				INFOPLIST_KEY_UIApplicationSceneManifest_Generation = YES;
				INFOPLIST_KEY_UIApplicationSupportsIndirectInputEvents = YES;
				INFOPLIST_KEY_UILaunchScreen_Generation = YES;
				INFOPLIST_KEY_UISupportedInterfaceOrientations = UIInterfaceOrientationPortrait;
				INFOPLIST_KEY_UISupportedInterfaceOrientations_iPad = "UIInterfaceOrientationLandscapeLeft UIInterfaceOrientationLandscapeRight UIInterfaceOrientationPortrait UIInterfaceOrientationPortraitUpsideDown";
				LD_RUNPATH_SEARCH_PATHS = (
					"$(inherited)",
					"@executable_path/Frameworks",
				);
				MARKETING_VERSION = 1.0;
				PRODUCT_BUNDLE_IDENTIFIER = iOS.PokeDex;
				PRODUCT_NAME = "$(TARGET_NAME)";
				SWIFT_EMIT_LOC_STRINGS = YES;
				SWIFT_VERSION = 6.0;
				TARGETED_DEVICE_FAMILY = "1,2";
			};
			name = Release;
		};
/* End XCBuildConfiguration section */

/* Begin XCConfigurationList section */
		070BA0B22D8E4EE5006C362A /* Build configuration list for PBXNativeTarget "PokeDexWidgetExtension" */ = {
			isa = XCConfigurationList;
			buildConfigurations = (
				070BA0AF2D8E4EE5006C362A /* Debug */,
				070BA0B02D8E4EE5006C362A /* Release */,
			);
			defaultConfigurationIsVisible = 0;
			defaultConfigurationName = Release;
		};
		07CE10922D80E734003623F6 /* Build configuration list for PBXProject "PokeDex" */ = {
			isa = XCConfigurationList;
			buildConfigurations = (
				07CE10A82D80E735003623F6 /* Debug */,
				07CE10A92D80E735003623F6 /* Release */,
			);
			defaultConfigurationIsVisible = 0;
			defaultConfigurationName = Release;
		};
		07CE10AA2D80E735003623F6 /* Build configuration list for PBXNativeTarget "PokeDex" */ = {
			isa = XCConfigurationList;
			buildConfigurations = (
				07CE10AB2D80E735003623F6 /* Debug */,
				07CE10AC2D80E735003623F6 /* Release */,
			);
			defaultConfigurationIsVisible = 0;
			defaultConfigurationName = Release;
		};
/* End XCConfigurationList section */
	};
	rootObject = 07CE108F2D80E734003623F6 /* Project object */;
}
